
Microsoft Visual Studio Solution File, Format Version 12.00
# Visual Studio Version 16
VisualStudioVersion = 16.0.30011.22
MinimumVisualStudioVersion = 10.0.40219.1
Project("{FAE04EC0-301F-11D3-BF4B-00C04F79EFBC}") = "Chatapp-Egen", "Chatapp-Egen.csproj", "{45D24B86-2673-4CFC-8AB4-DDCC517C3DA9}"
EndProject
Global
	GlobalSection(SolutionConfigurationPlatforms) = preSolution
		Debug|Any CPU = Debug|Any CPU
		Release|Any CPU = Release|Any CPU
	EndGlobalSection
	GlobalSection(ProjectConfigurationPlatforms) = postSolution
		{45D24B86-2673-4CFC-8AB4-DDCC517C3DA9}.Debug|Any CPU.ActiveCfg = Debug|Any CPU
		{45D24B86-2673-4CFC-8AB4-DDCC517C3DA9}.Debug|Any CPU.Build.0 = Debug|Any CPU
		{45D24B86-2673-4CFC-8AB4-DDCC517C3DA9}.Release|Any CPU.ActiveCfg = Release|Any CPU
		{45D24B86-2673-4CFC-8AB4-DDCC517C3DA9}.Release|Any CPU.Build.0 = Release|Any CPU
	EndGlobalSection
	GlobalSection(SolutionProperties) = preSolution
		HideSolutionNode = FALSE
	EndGlobalSection
	GlobalSection(ExtensibilityGlobals) = postSolution
		SolutionGuid = {4C0A44E8-F317-440E-A172-BA418623B063}
	EndGlobalSection
EndGlobal
