
Microsoft Visual Studio Solution File, Format Version 12.00
# Visual Studio Version 16
VisualStudioVersion = 16.0.29215.179
MinimumVisualStudioVersion = 10.0.40219.1
Project("{FAE04EC0-301F-11D3-BF4B-00C04F79EFBC}") = "IO Filhantering", "IO Filhantering.csproj", "{55BEDFB9-A91E-4FEC-948C-5E55C5B7DF26}"
EndProject
Global
	GlobalSection(SolutionConfigurationPlatforms) = preSolution
		Debug|Any CPU = Debug|Any CPU
		Release|Any CPU = Release|Any CPU
	EndGlobalSection
	GlobalSection(ProjectConfigurationPlatforms) = postSolution
		{55BEDFB9-A91E-4FEC-948C-5E55C5B7DF26}.Debug|Any CPU.ActiveCfg = Debug|Any CPU
		{55BEDFB9-A91E-4FEC-948C-5E55C5B7DF26}.Debug|Any CPU.Build.0 = Debug|Any CPU
		{55BEDFB9-A91E-4FEC-948C-5E55C5B7DF26}.Release|Any CPU.ActiveCfg = Release|Any CPU
		{55BEDFB9-A91E-4FEC-948C-5E55C5B7DF26}.Release|Any CPU.Build.0 = Release|Any CPU
	EndGlobalSection
	GlobalSection(SolutionProperties) = preSolution
		HideSolutionNode = FALSE
	EndGlobalSection
	GlobalSection(ExtensibilityGlobals) = postSolution
		SolutionGuid = {184383CC-B645-4B06-95E2-DAAB3505B0A6}
	EndGlobalSection
EndGlobal
